
Microsoft Visual Studio Solution File, Format Version 12.00
# Visual Studio Version 17
VisualStudioVersion = 17.5.33414.496
MinimumVisualStudioVersion = 10.0.40219.1
Project("{9A19103F-16F7-4668-BE54-9A1E7A4F7556}") = "CompanyEmployees", "CompanyEmployees\CompanyEmployees.csproj", "{5D001CA5-98A4-42C6-B37C-FD80D64B32DF}"
EndProject
Project("{9A19103F-16F7-4668-BE54-9A1E7A4F7556}") = "Entities", "Entities\Entities.csproj", "{3BE48E90-26B3-432C-9E02-F40A8C0D93FD}"
EndProject
Project("{9A19103F-16F7-4668-BE54-9A1E7A4F7556}") = "Repository", "Repository\Repository.csproj", "{2FD29314-3247-4C62-B213-28BB59CE18FC}"
EndProject
Project("{9A19103F-16F7-4668-BE54-9A1E7A4F7556}") = "Contracts", "Contracts\Contracts.csproj", "{BCDF0310-DA7A-4A01-81A1-7DD201686DD7}"
EndProject
Project("{9A19103F-16F7-4668-BE54-9A1E7A4F7556}") = "Service.Contracts", "Service.Contracts\Service.Contracts.csproj", "{D5B70B0D-7376-48D7-8390-7A9FEB074A95}"
EndProject
Project("{9A19103F-16F7-4668-BE54-9A1E7A4F7556}") = "Service", "Service\Service.csproj", "{1EF98272-D92E-4DA7-B6D2-B9A4510867C8}"
EndProject
Project("{9A19103F-16F7-4668-BE54-9A1E7A4F7556}") = "LoggerService", "LoggerService\LoggerService.csproj", "{56F5395C-8A7A-43C5-AB59-F1CC76F3F748}"
EndProject
Project("{9A19103F-16F7-4668-BE54-9A1E7A4F7556}") = "CompanyEmployees.Presentation", "CompanyEmployees.Presentation\CompanyEmployees.Presentation.csproj", "{B7AF93FB-CF4D-4431-B212-942E3AAE8A6C}"
EndProject
Project("{9A19103F-16F7-4668-BE54-9A1E7A4F7556}") = "Shared", "Shared\Shared.csproj", "{0D81BDB5-7491-4C59-9C6E-1FD5EAF42164}"
EndProject
Project("{9A19103F-16F7-4668-BE54-9A1E7A4F7556}") = "Application", "Application\Application.csproj", "{C468D8BF-1D67-4325-8FF3-22162DF025A5}"
EndProject
Project("{9A19103F-16F7-4668-BE54-9A1E7A4F7556}") = "Tests", "Tests\Tests.csproj", "{61386B7B-F654-4C12-9914-65B0FD39B640}"
EndProject
Project("{9A19103F-16F7-4668-BE54-9A1E7A4F7556}") = "CompanyEmployees.IDP", "CompanyEmployees.IDP\CompanyEmployees.IDP.csproj", "{BF718428-2644-400E-BA6F-36CD246CB613}"
EndProject
Project("{9A19103F-16F7-4668-BE54-9A1E7A4F7556}") = "CompanyEmployees.Client", "CompanyEmployees.Client\CompanyEmployees.Client.csproj", "{307E410B-6A12-4283-BD9F-73397C470905}"
EndProject
Project("{9A19103F-16F7-4668-BE54-9A1E7A4F7556}") = "EmailService", "EmailService\EmailService.csproj", "{36E69954-31E6-4441-9A04-5E5BCF13B29A}"
EndProject
Global
	GlobalSection(SolutionConfigurationPlatforms) = preSolution
		Debug|Any CPU = Debug|Any CPU
		Release|Any CPU = Release|Any CPU
	EndGlobalSection
	GlobalSection(ProjectConfigurationPlatforms) = postSolution
		{5D001CA5-98A4-42C6-B37C-FD80D64B32DF}.Debug|Any CPU.ActiveCfg = Debug|Any CPU
		{5D001CA5-98A4-42C6-B37C-FD80D64B32DF}.Debug|Any CPU.Build.0 = Debug|Any CPU
		{5D001CA5-98A4-42C6-B37C-FD80D64B32DF}.Release|Any CPU.ActiveCfg = Release|Any CPU
		{5D001CA5-98A4-42C6-B37C-FD80D64B32DF}.Release|Any CPU.Build.0 = Release|Any CPU
		{3BE48E90-26B3-432C-9E02-F40A8C0D93FD}.Debug|Any CPU.ActiveCfg = Debug|Any CPU
		{3BE48E90-26B3-432C-9E02-F40A8C0D93FD}.Debug|Any CPU.Build.0 = Debug|Any CPU
		{3BE48E90-26B3-432C-9E02-F40A8C0D93FD}.Release|Any CPU.ActiveCfg = Release|Any CPU
		{3BE48E90-26B3-432C-9E02-F40A8C0D93FD}.Release|Any CPU.Build.0 = Release|Any CPU
		{2FD29314-3247-4C62-B213-28BB59CE18FC}.Debug|Any CPU.ActiveCfg = Debug|Any CPU
		{2FD29314-3247-4C62-B213-28BB59CE18FC}.Debug|Any CPU.Build.0 = Debug|Any CPU
		{2FD29314-3247-4C62-B213-28BB59CE18FC}.Release|Any CPU.ActiveCfg = Release|Any CPU
		{2FD29314-3247-4C62-B213-28BB59CE18FC}.Release|Any CPU.Build.0 = Release|Any CPU
		{BCDF0310-DA7A-4A01-81A1-7DD201686DD7}.Debug|Any CPU.ActiveCfg = Debug|Any CPU
		{BCDF0310-DA7A-4A01-81A1-7DD201686DD7}.Debug|Any CPU.Build.0 = Debug|Any CPU
		{BCDF0310-DA7A-4A01-81A1-7DD201686DD7}.Release|Any CPU.ActiveCfg = Release|Any CPU
		{BCDF0310-DA7A-4A01-81A1-7DD201686DD7}.Release|Any CPU.Build.0 = Release|Any CPU
		{D5B70B0D-7376-48D7-8390-7A9FEB074A95}.Debug|Any CPU.ActiveCfg = Debug|Any CPU
		{D5B70B0D-7376-48D7-8390-7A9FEB074A95}.Debug|Any CPU.Build.0 = Debug|Any CPU
		{D5B70B0D-7376-48D7-8390-7A9FEB074A95}.Release|Any CPU.ActiveCfg = Release|Any CPU
		{D5B70B0D-7376-48D7-8390-7A9FEB074A95}.Release|Any CPU.Build.0 = Release|Any CPU
		{1EF98272-D92E-4DA7-B6D2-B9A4510867C8}.Debug|Any CPU.ActiveCfg = Debug|Any CPU
		{1EF98272-D92E-4DA7-B6D2-B9A4510867C8}.Debug|Any CPU.Build.0 = Debug|Any CPU
		{1EF98272-D92E-4DA7-B6D2-B9A4510867C8}.Release|Any CPU.ActiveCfg = Release|Any CPU
		{1EF98272-D92E-4DA7-B6D2-B9A4510867C8}.Release|Any CPU.Build.0 = Release|Any CPU
		{56F5395C-8A7A-43C5-AB59-F1CC76F3F748}.Debug|Any CPU.ActiveCfg = Debug|Any CPU
		{56F5395C-8A7A-43C5-AB59-F1CC76F3F748}.Debug|Any CPU.Build.0 = Debug|Any CPU
		{56F5395C-8A7A-43C5-AB59-F1CC76F3F748}.Release|Any CPU.ActiveCfg = Release|Any CPU
		{56F5395C-8A7A-43C5-AB59-F1CC76F3F748}.Release|Any CPU.Build.0 = Release|Any CPU
		{B7AF93FB-CF4D-4431-B212-942E3AAE8A6C}.Debug|Any CPU.ActiveCfg = Debug|Any CPU
		{B7AF93FB-CF4D-4431-B212-942E3AAE8A6C}.Debug|Any CPU.Build.0 = Debug|Any CPU
		{B7AF93FB-CF4D-4431-B212-942E3AAE8A6C}.Release|Any CPU.ActiveCfg = Release|Any CPU
		{B7AF93FB-CF4D-4431-B212-942E3AAE8A6C}.Release|Any CPU.Build.0 = Release|Any CPU
		{0D81BDB5-7491-4C59-9C6E-1FD5EAF42164}.Debug|Any CPU.ActiveCfg = Debug|Any CPU
		{0D81BDB5-7491-4C59-9C6E-1FD5EAF42164}.Debug|Any CPU.Build.0 = Debug|Any CPU
		{0D81BDB5-7491-4C59-9C6E-1FD5EAF42164}.Release|Any CPU.ActiveCfg = Release|Any CPU
		{0D81BDB5-7491-4C59-9C6E-1FD5EAF42164}.Release|Any CPU.Build.0 = Release|Any CPU
		{C468D8BF-1D67-4325-8FF3-22162DF025A5}.Debug|Any CPU.ActiveCfg = Debug|Any CPU
		{C468D8BF-1D67-4325-8FF3-22162DF025A5}.Debug|Any CPU.Build.0 = Debug|Any CPU
		{C468D8BF-1D67-4325-8FF3-22162DF025A5}.Release|Any CPU.ActiveCfg = Release|Any CPU
		{C468D8BF-1D67-4325-8FF3-22162DF025A5}.Release|Any CPU.Build.0 = Release|Any CPU
		{61386B7B-F654-4C12-9914-65B0FD39B640}.Debug|Any CPU.ActiveCfg = Debug|Any CPU
		{61386B7B-F654-4C12-9914-65B0FD39B640}.Debug|Any CPU.Build.0 = Debug|Any CPU
		{61386B7B-F654-4C12-9914-65B0FD39B640}.Release|Any CPU.ActiveCfg = Release|Any CPU
		{61386B7B-F654-4C12-9914-65B0FD39B640}.Release|Any CPU.Build.0 = Release|Any CPU
		{BF718428-2644-400E-BA6F-36CD246CB613}.Debug|Any CPU.ActiveCfg = Debug|Any CPU
		{BF718428-2644-400E-BA6F-36CD246CB613}.Debug|Any CPU.Build.0 = Debug|Any CPU
		{BF718428-2644-400E-BA6F-36CD246CB613}.Release|Any CPU.ActiveCfg = Release|Any CPU
		{BF718428-2644-400E-BA6F-36CD246CB613}.Release|Any CPU.Build.0 = Release|Any CPU
		{307E410B-6A12-4283-BD9F-73397C470905}.Debug|Any CPU.ActiveCfg = Debug|Any CPU
		{307E410B-6A12-4283-BD9F-73397C470905}.Debug|Any CPU.Build.0 = Debug|Any CPU
		{307E410B-6A12-4283-BD9F-73397C470905}.Release|Any CPU.ActiveCfg = Release|Any CPU
		{307E410B-6A12-4283-BD9F-73397C470905}.Release|Any CPU.Build.0 = Release|Any CPU
		{36E69954-31E6-4441-9A04-5E5BCF13B29A}.Debug|Any CPU.ActiveCfg = Debug|Any CPU
		{36E69954-31E6-4441-9A04-5E5BCF13B29A}.Debug|Any CPU.Build.0 = Debug|Any CPU
		{36E69954-31E6-4441-9A04-5E5BCF13B29A}.Release|Any CPU.ActiveCfg = Release|Any CPU
		{36E69954-31E6-4441-9A04-5E5BCF13B29A}.Release|Any CPU.Build.0 = Release|Any CPU
	EndGlobalSection
	GlobalSection(SolutionProperties) = preSolution
		HideSolutionNode = FALSE
	EndGlobalSection
	GlobalSection(ExtensibilityGlobals) = postSolution
		SolutionGuid = {FC6EAC31-8673-4E95-866B-1A95DFB47B99}
	EndGlobalSection
EndGlobal
